
Microsoft Visual Studio Solution File, Format Version 12.00
# Visual Studio 2013
VisualStudioVersion = 12.0.30110.0
MinimumVisualStudioVersion = 10.0.40219.1
Project("{2150E333-8FDC-42A3-9474-1A3956D46DE8}") = ".nuget", ".nuget", "{E80C15AA-AA82-4473-BC0B-98A04BE62576}"
	ProjectSection(SolutionItems) = preProject
		.nuget\NuGet.Config = .nuget\NuGet.Config
		.nuget\NuGet.exe = .nuget\NuGet.exe
		.nuget\NuGet.targets = .nuget\NuGet.targets
	EndProjectSection
EndProject
Project("{FAE04EC0-301F-11D3-BF4B-00C04F79EFBC}") = "Web", "Web\Web.csproj", "{E0463C7C-5A06-446E-BBD0-625DE1B8EAB4}"
EndProject
Global
	GlobalSection(SolutionConfigurationPlatforms) = preSolution
		Debug|Any CPU = Debug|Any CPU
		Release|Any CPU = Release|Any CPU
	EndGlobalSection
	GlobalSection(ProjectConfigurationPlatforms) = postSolution
		{E0463C7C-5A06-446E-BBD0-625DE1B8EAB4}.Debug|Any CPU.ActiveCfg = Debug|Any CPU
		{E0463C7C-5A06-446E-BBD0-625DE1B8EAB4}.Debug|Any CPU.Build.0 = Debug|Any CPU
		{E0463C7C-5A06-446E-BBD0-625DE1B8EAB4}.Release|Any CPU.ActiveCfg = Release|Any CPU
		{E0463C7C-5A06-446E-BBD0-625DE1B8EAB4}.Release|Any CPU.Build.0 = Release|Any CPU
	EndGlobalSection
	GlobalSection(SolutionProperties) = preSolution
		HideSolutionNode = FALSE
	EndGlobalSection
EndGlobal
